github.com/goinbox/color v1.0.0 h1:w+HhREKjA3rnGdIxcVbp+ssFvPfMocIHjBbXNMH9gGU=
github.com/goinbox/color v1.0.0/go.mod h1:LKewYUaZLTr4h7G8CUv4Lt6JmOAD0wQePGEIF8faaqk=
github.com/goinbox/crypto v1.2.0 h1:vj0c7fafQ62VbqnHKxsT4bwYNB4XpbawdNrZxRPJN8g=
github.com/goinbox/crypto v1.2.0/go.mod h1:egr0zTiqZ2CZC2GVPNlRscTYJBHTdr3Bg7EHYQSrvzU=
github.com/goinbox/exception v1.0.1 h1:3Po+hdES2qz2PKVJEWXC59MYOIQBaIBBl8jrymFjdTA=
github.com/goinbox/exception v1.0.1/go.mod h1:9c6nuIh9s/iINQCo9EtB9y11LhJ6ZC1OuzKB/8KIo5k=
github.com/goinbox/goerror v1.0.0 h1:9jgltm4MeAaWZUoaYML5IHrMbBM5bj/0L1sSK4ln/uk=
github.com/goinbox/goerror v1.0.0/go.mod h1:UCTdqJUxUBHR+FHZ9pVwovz0kd4fivNpDQS+axBHzrc=
github.com/goinbox/gohttp v4.5.3+incompatible h1:rUMmZM1TKggvZwLkEMSul+Zg5f4JMZRaaVuaOkjRD4A=
github.com/goinbox/gohttp v4.5.3+incompatible/go.mod h1:Cfz21nVkHAQ0FgKq8TGgqWIVhgBDSMHwm2JlxfTANj8=
github.com/goinbox/gohttp v4.6.0+incompatible h1:3DcTlNESiPnfCKed8y4crwxzg+XTSgJ0fmaww1/H9VQ=
github.com/goinbox/gohttp v4.6.0+incompatible/go.mod h1:Cfz21nVkHAQ0FgKq8TGgqWIVhgBDSMHwm2JlxfTANj8=
github.com/goinbox/golog v2.2.0+incompatible h1:QprXwk0AHzIiWqy/3ict5735MIiwy0YR9Mb7VtTfHoE=
github.com/goinbox/golog v2.2.0+incompatible/go.mod h1:LpDh2j8NT1DzCFjkpE3joekJWaVxUt+BolHh52GJqtA=
github.com/goinbox/gomisc v1.2.0 h1:T1CHnG8yxUzQIzTJWReqEKfTlZ5krj1UULXO+yi3WiE=
github.com/goinbox/gomisc v1.2.0/go.mod h1:SPnA6bKoY+HIxNBbO2zRX0jBHu0lmi3nCLbZR40aiSs=
github.com/goinbox/pidfile v1.0.1 h1:vRu2+CLWn4kniWfiXYGqEszbbMjJqYTNjoIb1o69Ruw=
github.com/goinbox/pidfile v1.0.1/go.mod h1:ADn0CshgD5YhtdKgsbRg8PpsNBKHF+Sa/zGK9PdCD9o=
